
Microsoft Visual Studio Solution File, Format Version 12.00
# Visual Studio Version 16
VisualStudioVersion = 16.0.30523.141
MinimumVisualStudioVersion = 10.0.40219.1
Project("{8BC9CEB8-8B4A-11D0-8D11-00A0C91BC942}") = "LABA4", "LABA4\LABA4.vcxproj", "{72E3A4D8-B2E9-4FD8-A34F-29FBD67FEF0F}"
EndProject
Global
	GlobalSection(SolutionConfigurationPlatforms) = preSolution
		Debug|x64 = Debug|x64
		Debug|x86 = Debug|x86
		Release|x64 = Release|x64
		Release|x86 = Release|x86
	EndGlobalSection
	GlobalSection(ProjectConfigurationPlatforms) = postSolution
		{72E3A4D8-B2E9-4FD8-A34F-29FBD67FEF0F}.Debug|x64.ActiveCfg = Debug|x64
		{72E3A4D8-B2E9-4FD8-A34F-29FBD67FEF0F}.Debug|x64.Build.0 = Debug|x64
		{72E3A4D8-B2E9-4FD8-A34F-29FBD67FEF0F}.Debug|x86.ActiveCfg = Debug|Win32
		{72E3A4D8-B2E9-4FD8-A34F-29FBD67FEF0F}.Debug|x86.Build.0 = Debug|Win32
		{72E3A4D8-B2E9-4FD8-A34F-29FBD67FEF0F}.Release|x64.ActiveCfg = Release|x64
		{72E3A4D8-B2E9-4FD8-A34F-29FBD67FEF0F}.Release|x64.Build.0 = Release|x64
		{72E3A4D8-B2E9-4FD8-A34F-29FBD67FEF0F}.Release|x86.ActiveCfg = Release|Win32
		{72E3A4D8-B2E9-4FD8-A34F-29FBD67FEF0F}.Release|x86.Build.0 = Release|Win32
	EndGlobalSection
	GlobalSection(SolutionProperties) = preSolution
		HideSolutionNode = FALSE
	EndGlobalSection
	GlobalSection(ExtensibilityGlobals) = postSolution
		SolutionGuid = {DAD6E9E1-C13A-4254-9260-ECA4EEA09400}
	EndGlobalSection
EndGlobal
